
Microsoft Visual Studio Solution File, Format Version 12.00
# Visual Studio Version 17
VisualStudioVersion = 17.0.31903.59
MinimumVisualStudioVersion = 10.0.40219.1
Project("{2150E333-8FDC-42A3-9474-1A3956D46DE8}") = "src", "src", "{827E0CD3-B72D-47B6-A68D-7590B98EB39B}"
EndProject
Project("{FAE04EC0-301F-11D3-BF4B-00C04F79EFBC}") = "Lists", "src\Lists\Lists.csproj", "{F5390752-D40F-4831-BBD5-595AD0509B2C}"
EndProject
Project("{2150E333-8FDC-42A3-9474-1A3956D46DE8}") = "tests", "tests", "{0AB3BF05-4346-4AA6-1389-037BE0695223}"
EndProject
Project("{FAE04EC0-301F-11D3-BF4B-00C04F79EFBC}") = "Lists.Tests", "tests\Lists.Tests\Lists.Tests.csproj", "{F49064A8-7BE5-44F3-91B5-38DFB66B7CA5}"
EndProject
Project("{FAE04EC0-301F-11D3-BF4B-00C04F79EFBC}") = "Trees", "src\Trees\Trees.csproj", "{BC9B9350-4B69-4E46-8B2F-280898DA80D7}"
EndProject
Project("{FAE04EC0-301F-11D3-BF4B-00C04F79EFBC}") = "Trees.Tests", "tests\Trees.Tests\Trees.Tests.csproj", "{B5CCB5E5-A2AC-4D2A-8623-039F8D0473D1}"
EndProject
Project("{FAE04EC0-301F-11D3-BF4B-00C04F79EFBC}") = "Graphs", "src\Graphs\Graphs.csproj", "{CA34EE64-5D1F-406E-9739-13A99031DA2A}"
EndProject
Project("{FAE04EC0-301F-11D3-BF4B-00C04F79EFBC}") = "Graphs.Tests", "tests\Graphs.Tests\Graphs.Tests.csproj", "{C9C6512E-5830-4D04-9771-E48C03D9A5E1}"
EndProject
Global
	GlobalSection(SolutionConfigurationPlatforms) = preSolution
		Debug|Any CPU = Debug|Any CPU
		Debug|x64 = Debug|x64
		Debug|x86 = Debug|x86
		Release|Any CPU = Release|Any CPU
		Release|x64 = Release|x64
		Release|x86 = Release|x86
	EndGlobalSection
	GlobalSection(ProjectConfigurationPlatforms) = postSolution
		{F5390752-D40F-4831-BBD5-595AD0509B2C}.Debug|Any CPU.ActiveCfg = Debug|Any CPU
		{F5390752-D40F-4831-BBD5-595AD0509B2C}.Debug|Any CPU.Build.0 = Debug|Any CPU
		{F5390752-D40F-4831-BBD5-595AD0509B2C}.Debug|x64.ActiveCfg = Debug|Any CPU
		{F5390752-D40F-4831-BBD5-595AD0509B2C}.Debug|x64.Build.0 = Debug|Any CPU
		{F5390752-D40F-4831-BBD5-595AD0509B2C}.Debug|x86.ActiveCfg = Debug|Any CPU
		{F5390752-D40F-4831-BBD5-595AD0509B2C}.Debug|x86.Build.0 = Debug|Any CPU
		{F5390752-D40F-4831-BBD5-595AD0509B2C}.Release|Any CPU.ActiveCfg = Release|Any CPU
		{F5390752-D40F-4831-BBD5-595AD0509B2C}.Release|Any CPU.Build.0 = Release|Any CPU
		{F5390752-D40F-4831-BBD5-595AD0509B2C}.Release|x64.ActiveCfg = Release|Any CPU
		{F5390752-D40F-4831-BBD5-595AD0509B2C}.Release|x64.Build.0 = Release|Any CPU
		{F5390752-D40F-4831-BBD5-595AD0509B2C}.Release|x86.ActiveCfg = Release|Any CPU
		{F5390752-D40F-4831-BBD5-595AD0509B2C}.Release|x86.Build.0 = Release|Any CPU
		{F49064A8-7BE5-44F3-91B5-38DFB66B7CA5}.Debug|Any CPU.ActiveCfg = Debug|Any CPU
		{F49064A8-7BE5-44F3-91B5-38DFB66B7CA5}.Debug|Any CPU.Build.0 = Debug|Any CPU
		{F49064A8-7BE5-44F3-91B5-38DFB66B7CA5}.Debug|x64.ActiveCfg = Debug|Any CPU
		{F49064A8-7BE5-44F3-91B5-38DFB66B7CA5}.Debug|x64.Build.0 = Debug|Any CPU
		{F49064A8-7BE5-44F3-91B5-38DFB66B7CA5}.Debug|x86.ActiveCfg = Debug|Any CPU
		{F49064A8-7BE5-44F3-91B5-38DFB66B7CA5}.Debug|x86.Build.0 = Debug|Any CPU
		{F49064A8-7BE5-44F3-91B5-38DFB66B7CA5}.Release|Any CPU.ActiveCfg = Release|Any CPU
		{F49064A8-7BE5-44F3-91B5-38DFB66B7CA5}.Release|Any CPU.Build.0 = Release|Any CPU
		{F49064A8-7BE5-44F3-91B5-38DFB66B7CA5}.Release|x64.ActiveCfg = Release|Any CPU
		{F49064A8-7BE5-44F3-91B5-38DFB66B7CA5}.Release|x64.Build.0 = Release|Any CPU
		{F49064A8-7BE5-44F3-91B5-38DFB66B7CA5}.Release|x86.ActiveCfg = Release|Any CPU
		{F49064A8-7BE5-44F3-91B5-38DFB66B7CA5}.Release|x86.Build.0 = Release|Any CPU
		{BC9B9350-4B69-4E46-8B2F-280898DA80D7}.Debug|Any CPU.ActiveCfg = Debug|Any CPU
		{BC9B9350-4B69-4E46-8B2F-280898DA80D7}.Debug|Any CPU.Build.0 = Debug|Any CPU
		{BC9B9350-4B69-4E46-8B2F-280898DA80D7}.Debug|x64.ActiveCfg = Debug|Any CPU
		{BC9B9350-4B69-4E46-8B2F-280898DA80D7}.Debug|x64.Build.0 = Debug|Any CPU
		{BC9B9350-4B69-4E46-8B2F-280898DA80D7}.Debug|x86.ActiveCfg = Debug|Any CPU
		{BC9B9350-4B69-4E46-8B2F-280898DA80D7}.Debug|x86.Build.0 = Debug|Any CPU
		{BC9B9350-4B69-4E46-8B2F-280898DA80D7}.Release|Any CPU.ActiveCfg = Release|Any CPU
		{BC9B9350-4B69-4E46-8B2F-280898DA80D7}.Release|Any CPU.Build.0 = Release|Any CPU
		{BC9B9350-4B69-4E46-8B2F-280898DA80D7}.Release|x64.ActiveCfg = Release|Any CPU
		{BC9B9350-4B69-4E46-8B2F-280898DA80D7}.Release|x64.Build.0 = Release|Any CPU
		{BC9B9350-4B69-4E46-8B2F-280898DA80D7}.Release|x86.ActiveCfg = Release|Any CPU
		{BC9B9350-4B69-4E46-8B2F-280898DA80D7}.Release|x86.Build.0 = Release|Any CPU
		{B5CCB5E5-A2AC-4D2A-8623-039F8D0473D1}.Debug|Any CPU.ActiveCfg = Debug|Any CPU
		{B5CCB5E5-A2AC-4D2A-8623-039F8D0473D1}.Debug|Any CPU.Build.0 = Debug|Any CPU
		{B5CCB5E5-A2AC-4D2A-8623-039F8D0473D1}.Debug|x64.ActiveCfg = Debug|Any CPU
		{B5CCB5E5-A2AC-4D2A-8623-039F8D0473D1}.Debug|x64.Build.0 = Debug|Any CPU
		{B5CCB5E5-A2AC-4D2A-8623-039F8D0473D1}.Debug|x86.ActiveCfg = Debug|Any CPU
		{B5CCB5E5-A2AC-4D2A-8623-039F8D0473D1}.Debug|x86.Build.0 = Debug|Any CPU
		{B5CCB5E5-A2AC-4D2A-8623-039F8D0473D1}.Release|Any CPU.ActiveCfg = Release|Any CPU
		{B5CCB5E5-A2AC-4D2A-8623-039F8D0473D1}.Release|Any CPU.Build.0 = Release|Any CPU
		{B5CCB5E5-A2AC-4D2A-8623-039F8D0473D1}.Release|x64.ActiveCfg = Release|Any CPU
		{B5CCB5E5-A2AC-4D2A-8623-039F8D0473D1}.Release|x64.Build.0 = Release|Any CPU
		{B5CCB5E5-A2AC-4D2A-8623-039F8D0473D1}.Release|x86.ActiveCfg = Release|Any CPU
		{B5CCB5E5-A2AC-4D2A-8623-039F8D0473D1}.Release|x86.Build.0 = Release|Any CPU
		{CA34EE64-5D1F-406E-9739-13A99031DA2A}.Debug|Any CPU.ActiveCfg = Debug|Any CPU
		{CA34EE64-5D1F-406E-9739-13A99031DA2A}.Debug|Any CPU.Build.0 = Debug|Any CPU
		{CA34EE64-5D1F-406E-9739-13A99031DA2A}.Debug|x64.ActiveCfg = Debug|Any CPU
		{CA34EE64-5D1F-406E-9739-13A99031DA2A}.Debug|x64.Build.0 = Debug|Any CPU
		{CA34EE64-5D1F-406E-9739-13A99031DA2A}.Debug|x86.ActiveCfg = Debug|Any CPU
		{CA34EE64-5D1F-406E-9739-13A99031DA2A}.Debug|x86.Build.0 = Debug|Any CPU
		{CA34EE64-5D1F-406E-9739-13A99031DA2A}.Release|Any CPU.ActiveCfg = Release|Any CPU
		{CA34EE64-5D1F-406E-9739-13A99031DA2A}.Release|Any CPU.Build.0 = Release|Any CPU
		{CA34EE64-5D1F-406E-9739-13A99031DA2A}.Release|x64.ActiveCfg = Release|Any CPU
		{CA34EE64-5D1F-406E-9739-13A99031DA2A}.Release|x64.Build.0 = Release|Any CPU
		{CA34EE64-5D1F-406E-9739-13A99031DA2A}.Release|x86.ActiveCfg = Release|Any CPU
		{CA34EE64-5D1F-406E-9739-13A99031DA2A}.Release|x86.Build.0 = Release|Any CPU
		{C9C6512E-5830-4D04-9771-E48C03D9A5E1}.Debug|Any CPU.ActiveCfg = Debug|Any CPU
		{C9C6512E-5830-4D04-9771-E48C03D9A5E1}.Debug|Any CPU.Build.0 = Debug|Any CPU
		{C9C6512E-5830-4D04-9771-E48C03D9A5E1}.Debug|x64.ActiveCfg = Debug|Any CPU
		{C9C6512E-5830-4D04-9771-E48C03D9A5E1}.Debug|x64.Build.0 = Debug|Any CPU
		{C9C6512E-5830-4D04-9771-E48C03D9A5E1}.Debug|x86.ActiveCfg = Debug|Any CPU
		{C9C6512E-5830-4D04-9771-E48C03D9A5E1}.Debug|x86.Build.0 = Debug|Any CPU
		{C9C6512E-5830-4D04-9771-E48C03D9A5E1}.Release|Any CPU.ActiveCfg = Release|Any CPU
		{C9C6512E-5830-4D04-9771-E48C03D9A5E1}.Release|Any CPU.Build.0 = Release|Any CPU
		{C9C6512E-5830-4D04-9771-E48C03D9A5E1}.Release|x64.ActiveCfg = Release|Any CPU
		{C9C6512E-5830-4D04-9771-E48C03D9A5E1}.Release|x64.Build.0 = Release|Any CPU
		{C9C6512E-5830-4D04-9771-E48C03D9A5E1}.Release|x86.ActiveCfg = Release|Any CPU
		{C9C6512E-5830-4D04-9771-E48C03D9A5E1}.Release|x86.Build.0 = Release|Any CPU
	EndGlobalSection
	GlobalSection(SolutionProperties) = preSolution
		HideSolutionNode = FALSE
	EndGlobalSection
	GlobalSection(NestedProjects) = preSolution
		{F5390752-D40F-4831-BBD5-595AD0509B2C} = {827E0CD3-B72D-47B6-A68D-7590B98EB39B}
		{F49064A8-7BE5-44F3-91B5-38DFB66B7CA5} = {0AB3BF05-4346-4AA6-1389-037BE0695223}
		{BC9B9350-4B69-4E46-8B2F-280898DA80D7} = {827E0CD3-B72D-47B6-A68D-7590B98EB39B}
		{B5CCB5E5-A2AC-4D2A-8623-039F8D0473D1} = {0AB3BF05-4346-4AA6-1389-037BE0695223}
		{CA34EE64-5D1F-406E-9739-13A99031DA2A} = {827E0CD3-B72D-47B6-A68D-7590B98EB39B}
		{C9C6512E-5830-4D04-9771-E48C03D9A5E1} = {0AB3BF05-4346-4AA6-1389-037BE0695223}
	EndGlobalSection
EndGlobal
